
Microsoft Visual Studio Solution File, Format Version 12.00
# Visual Studio Version 17
VisualStudioVersion = 17.2.32526.322
MinimumVisualStudioVersion = 10.0.40219.1
Project("{FAE04EC0-301F-11D3-BF4B-00C04F79EFBC}") = "video067", "video067\video067.csproj", "{ECE88D94-C591-4C61-955C-7529035677E1}"
EndProject
Global
	GlobalSection(SolutionConfigurationPlatforms) = preSolution
		Debug|Any CPU = Debug|Any CPU
		Release|Any CPU = Release|Any CPU
	EndGlobalSection
	GlobalSection(ProjectConfigurationPlatforms) = postSolution
		{ECE88D94-C591-4C61-955C-7529035677E1}.Debug|Any CPU.ActiveCfg = Debug|Any CPU
		{ECE88D94-C591-4C61-955C-7529035677E1}.Debug|Any CPU.Build.0 = Debug|Any CPU
		{ECE88D94-C591-4C61-955C-7529035677E1}.Release|Any CPU.ActiveCfg = Release|Any CPU
		{ECE88D94-C591-4C61-955C-7529035677E1}.Release|Any CPU.Build.0 = Release|Any CPU
	EndGlobalSection
	GlobalSection(SolutionProperties) = preSolution
		HideSolutionNode = FALSE
	EndGlobalSection
	GlobalSection(ExtensibilityGlobals) = postSolution
		SolutionGuid = {527512C4-EFA1-4F15-A907-7FDA94225DBB}
	EndGlobalSection
EndGlobal
