
Microsoft Visual Studio Solution File, Format Version 12.00
# Visual Studio Version 17
VisualStudioVersion = 17.2.32526.322
MinimumVisualStudioVersion = 10.0.40219.1
Project("{FAE04EC0-301F-11D3-BF4B-00C04F79EFBC}") = "video047", "video047\video047.csproj", "{568E69BB-6DD8-4D38-9C55-8FA0D7EAA6E8}"
EndProject
Global
	GlobalSection(SolutionConfigurationPlatforms) = preSolution
		Debug|Any CPU = Debug|Any CPU
		Release|Any CPU = Release|Any CPU
	EndGlobalSection
	GlobalSection(ProjectConfigurationPlatforms) = postSolution
		{568E69BB-6DD8-4D38-9C55-8FA0D7EAA6E8}.Debug|Any CPU.ActiveCfg = Debug|Any CPU
		{568E69BB-6DD8-4D38-9C55-8FA0D7EAA6E8}.Debug|Any CPU.Build.0 = Debug|Any CPU
		{568E69BB-6DD8-4D38-9C55-8FA0D7EAA6E8}.Release|Any CPU.ActiveCfg = Release|Any CPU
		{568E69BB-6DD8-4D38-9C55-8FA0D7EAA6E8}.Release|Any CPU.Build.0 = Release|Any CPU
	EndGlobalSection
	GlobalSection(SolutionProperties) = preSolution
		HideSolutionNode = FALSE
	EndGlobalSection
	GlobalSection(ExtensibilityGlobals) = postSolution
		SolutionGuid = {A411F21F-6403-48A0-8A31-10D1499E9D09}
	EndGlobalSection
EndGlobal
