
Microsoft Visual Studio Solution File, Format Version 12.00
# Visual Studio Version 17
VisualStudioVersion = 17.2.32526.322
MinimumVisualStudioVersion = 10.0.40219.1
Project("{FAE04EC0-301F-11D3-BF4B-00C04F79EFBC}") = "video036", "video036\video036.csproj", "{5777FB2F-C572-4B1E-875C-0720B5FD3ACF}"
EndProject
Global
	GlobalSection(SolutionConfigurationPlatforms) = preSolution
		Debug|Any CPU = Debug|Any CPU
		Release|Any CPU = Release|Any CPU
	EndGlobalSection
	GlobalSection(ProjectConfigurationPlatforms) = postSolution
		{5777FB2F-C572-4B1E-875C-0720B5FD3ACF}.Debug|Any CPU.ActiveCfg = Debug|Any CPU
		{5777FB2F-C572-4B1E-875C-0720B5FD3ACF}.Debug|Any CPU.Build.0 = Debug|Any CPU
		{5777FB2F-C572-4B1E-875C-0720B5FD3ACF}.Release|Any CPU.ActiveCfg = Release|Any CPU
		{5777FB2F-C572-4B1E-875C-0720B5FD3ACF}.Release|Any CPU.Build.0 = Release|Any CPU
	EndGlobalSection
	GlobalSection(SolutionProperties) = preSolution
		HideSolutionNode = FALSE
	EndGlobalSection
	GlobalSection(ExtensibilityGlobals) = postSolution
		SolutionGuid = {E848BA2C-B826-4484-ADC9-3F80EDFA2B58}
	EndGlobalSection
EndGlobal
