
Microsoft Visual Studio Solution File, Format Version 12.00
# Visual Studio Version 17
VisualStudioVersion = 17.2.32526.322
MinimumVisualStudioVersion = 10.0.40219.1
Project("{FAE04EC0-301F-11D3-BF4B-00C04F79EFBC}") = "WpfVideo084", "WpfVideo084\WpfVideo084.csproj", "{FCF8891E-D847-423C-967E-21702646C8F5}"
EndProject
Global
	GlobalSection(SolutionConfigurationPlatforms) = preSolution
		Debug|Any CPU = Debug|Any CPU
		Release|Any CPU = Release|Any CPU
	EndGlobalSection
	GlobalSection(ProjectConfigurationPlatforms) = postSolution
		{FCF8891E-D847-423C-967E-21702646C8F5}.Debug|Any CPU.ActiveCfg = Debug|Any CPU
		{FCF8891E-D847-423C-967E-21702646C8F5}.Debug|Any CPU.Build.0 = Debug|Any CPU
		{FCF8891E-D847-423C-967E-21702646C8F5}.Release|Any CPU.ActiveCfg = Release|Any CPU
		{FCF8891E-D847-423C-967E-21702646C8F5}.Release|Any CPU.Build.0 = Release|Any CPU
	EndGlobalSection
	GlobalSection(SolutionProperties) = preSolution
		HideSolutionNode = FALSE
	EndGlobalSection
	GlobalSection(ExtensibilityGlobals) = postSolution
		SolutionGuid = {21383B3E-8E31-49E3-87C6-062A9FF99F72}
	EndGlobalSection
EndGlobal
