
Microsoft Visual Studio Solution File, Format Version 12.00
# Visual Studio Version 17
VisualStudioVersion = 17.2.32526.322
MinimumVisualStudioVersion = 10.0.40219.1
Project("{FAE04EC0-301F-11D3-BF4B-00C04F79EFBC}") = "WpfVideo89", "WpfVideo89\WpfVideo89.csproj", "{2DB29D5B-8551-4B09-91CE-67AF7EA2931B}"
EndProject
Global
	GlobalSection(SolutionConfigurationPlatforms) = preSolution
		Debug|Any CPU = Debug|Any CPU
		Release|Any CPU = Release|Any CPU
	EndGlobalSection
	GlobalSection(ProjectConfigurationPlatforms) = postSolution
		{2DB29D5B-8551-4B09-91CE-67AF7EA2931B}.Debug|Any CPU.ActiveCfg = Debug|Any CPU
		{2DB29D5B-8551-4B09-91CE-67AF7EA2931B}.Debug|Any CPU.Build.0 = Debug|Any CPU
		{2DB29D5B-8551-4B09-91CE-67AF7EA2931B}.Release|Any CPU.ActiveCfg = Release|Any CPU
		{2DB29D5B-8551-4B09-91CE-67AF7EA2931B}.Release|Any CPU.Build.0 = Release|Any CPU
	EndGlobalSection
	GlobalSection(SolutionProperties) = preSolution
		HideSolutionNode = FALSE
	EndGlobalSection
	GlobalSection(ExtensibilityGlobals) = postSolution
		SolutionGuid = {03AB2B09-A999-49A2-B25A-EBD3D3D2A6C1}
	EndGlobalSection
EndGlobal
