
Microsoft Visual Studio Solution File, Format Version 12.00
# Visual Studio Version 17
VisualStudioVersion = 17.2.32526.322
MinimumVisualStudioVersion = 10.0.40219.1
Project("{FAE04EC0-301F-11D3-BF4B-00C04F79EFBC}") = "video048", "video048\video048.csproj", "{ED7AB868-A456-4796-95BA-3C25CBF6BE57}"
EndProject
Global
	GlobalSection(SolutionConfigurationPlatforms) = preSolution
		Debug|Any CPU = Debug|Any CPU
		Release|Any CPU = Release|Any CPU
	EndGlobalSection
	GlobalSection(ProjectConfigurationPlatforms) = postSolution
		{ED7AB868-A456-4796-95BA-3C25CBF6BE57}.Debug|Any CPU.ActiveCfg = Debug|Any CPU
		{ED7AB868-A456-4796-95BA-3C25CBF6BE57}.Debug|Any CPU.Build.0 = Debug|Any CPU
		{ED7AB868-A456-4796-95BA-3C25CBF6BE57}.Release|Any CPU.ActiveCfg = Release|Any CPU
		{ED7AB868-A456-4796-95BA-3C25CBF6BE57}.Release|Any CPU.Build.0 = Release|Any CPU
	EndGlobalSection
	GlobalSection(SolutionProperties) = preSolution
		HideSolutionNode = FALSE
	EndGlobalSection
	GlobalSection(ExtensibilityGlobals) = postSolution
		SolutionGuid = {9F47BE62-0F7B-4037-8887-91E38A1F57EF}
	EndGlobalSection
EndGlobal
