
Microsoft Visual Studio Solution File, Format Version 12.00
# Visual Studio Version 17
VisualStudioVersion = 17.2.32526.322
MinimumVisualStudioVersion = 10.0.40219.1
Project("{FAE04EC0-301F-11D3-BF4B-00C04F79EFBC}") = "video005", "video005\video005.csproj", "{3A2547B5-27B0-4EE2-BBB1-832696E51647}"
EndProject
Global
	GlobalSection(SolutionConfigurationPlatforms) = preSolution
		Debug|Any CPU = Debug|Any CPU
		Release|Any CPU = Release|Any CPU
	EndGlobalSection
	GlobalSection(ProjectConfigurationPlatforms) = postSolution
		{3A2547B5-27B0-4EE2-BBB1-832696E51647}.Debug|Any CPU.ActiveCfg = Debug|Any CPU
		{3A2547B5-27B0-4EE2-BBB1-832696E51647}.Debug|Any CPU.Build.0 = Debug|Any CPU
		{3A2547B5-27B0-4EE2-BBB1-832696E51647}.Release|Any CPU.ActiveCfg = Release|Any CPU
		{3A2547B5-27B0-4EE2-BBB1-832696E51647}.Release|Any CPU.Build.0 = Release|Any CPU
	EndGlobalSection
	GlobalSection(SolutionProperties) = preSolution
		HideSolutionNode = FALSE
	EndGlobalSection
	GlobalSection(ExtensibilityGlobals) = postSolution
		SolutionGuid = {6343C1E9-E58A-4153-9FDB-FDFDEF7B6B9C}
	EndGlobalSection
EndGlobal
