
Microsoft Visual Studio Solution File, Format Version 12.00
# Visual Studio Version 17
VisualStudioVersion = 17.2.32526.322
MinimumVisualStudioVersion = 10.0.40219.1
Project("{FAE04EC0-301F-11D3-BF4B-00C04F79EFBC}") = "video057", "video057\video057.csproj", "{3D06477A-8677-455E-9126-15C0E916BD66}"
EndProject
Global
	GlobalSection(SolutionConfigurationPlatforms) = preSolution
		Debug|Any CPU = Debug|Any CPU
		Release|Any CPU = Release|Any CPU
	EndGlobalSection
	GlobalSection(ProjectConfigurationPlatforms) = postSolution
		{3D06477A-8677-455E-9126-15C0E916BD66}.Debug|Any CPU.ActiveCfg = Debug|Any CPU
		{3D06477A-8677-455E-9126-15C0E916BD66}.Debug|Any CPU.Build.0 = Debug|Any CPU
		{3D06477A-8677-455E-9126-15C0E916BD66}.Release|Any CPU.ActiveCfg = Release|Any CPU
		{3D06477A-8677-455E-9126-15C0E916BD66}.Release|Any CPU.Build.0 = Release|Any CPU
	EndGlobalSection
	GlobalSection(SolutionProperties) = preSolution
		HideSolutionNode = FALSE
	EndGlobalSection
	GlobalSection(ExtensibilityGlobals) = postSolution
		SolutionGuid = {79115485-AC6F-44D9-AC17-BEA39F09D987}
	EndGlobalSection
EndGlobal
